{
  "nodes": {
    "flakeNimbleLib": {
      "inputs": {
        "nixpkgs": [
          "nixpkgs"
        ]
      },
      "locked": {
        "lastModified": 1662018438,
        "narHash": "sha256-QtNtU6+LX3Wokxf0zlFwKTFOcn6TeDjKQZ+DA9OYtvM=",
        "owner": "riinr",
        "repo": "nim-flakes-lib",
        "rev": "b1fe8340736e3a85d25c709ac3dfd82a55c03cbf",
        "type": "github"
      },
      "original": {
        "owner": "riinr",
        "ref": "master",
        "repo": "nim-flakes-lib",
        "type": "github"
      }
    },
    "kwin-master": {
      "inputs": {
        "flakeNimbleLib": [
          "flakeNimbleLib"
        ],
        "nixpkgs": [
          "nixpkgs"
        ],
        "src-kwin-master": "src-kwin-master"
      },
      "locked": {
        "dir": "master",
        "lastModified": 1662254560,
        "narHash": "sha256-BcAReR0HMnr3u5GNSPPLqC2gYKy8uSqiEQHFI7pJrqg=",
        "owner": "nim-nix-pkgs",
        "repo": "kwin",
        "rev": "0eb93f93e540acbb336264e9f59a07f6bb68ce23",
        "type": "github"
      },
      "original": {
        "dir": "master",
        "owner": "nim-nix-pkgs",
        "ref": "master",
        "repo": "kwin",
        "type": "github"
      }
    },
    "nixpkgs": {
      "locked": {
        "lastModified": 1667110639,
        "narHash": "sha256-4FbPESZ5LbqQxkJJJBAfk/zKgF9h/4kyUwjjpJwYlbc=",
        "owner": "NixOS",
        "repo": "nixpkgs",
        "rev": "f38a1f04d1bec1feb61fd101a0539ae2002a7087",
        "type": "github"
      },
      "original": {
        "id": "nixpkgs",
        "type": "indirect"
      }
    },
    "root": {
      "inputs": {
        "flakeNimbleLib": "flakeNimbleLib",
        "kwin-master": "kwin-master",
        "nixpkgs": "nixpkgs"
      }
    },
    "src-kwin-master": {
      "flake": false,
      "locked": {
        "lastModified": 1382038466,
        "narHash": "sha256-aFwtrIX2tIMGkdl2JlMXASpuxeTEq4sNrwf49Fw0Sw4=",
        "owner": "reactormonk",
        "repo": "nim-kwin",
        "rev": "a4d532a4b383d1516c3c144fd31e99bc195a7ab5",
        "type": "github"
      },
      "original": {
        "owner": "reactormonk",
        "ref": "refs/heads/master",
        "repo": "nim-kwin",
        "type": "github"
      }
    }
  },
  "root": "root",
  "version": 7
}
